
Microsoft Visual Studio Solution File, Format Version 12.00
# Visual Studio Version 17
VisualStudioVersion = 17.8.34408.163
MinimumVisualStudioVersion = 10.0.40219.1
Project("{FAE04EC0-301F-11D3-BF4B-00C04F79EFBC}") = "Assignment2", "Assignment2.csproj", "{5D69A641-CCDE-4C6F-AF8A-C21B014E7244}"
EndProject
Global
	GlobalSection(SolutionConfigurationPlatforms) = preSolution
		Debug|Any CPU = Debug|Any CPU
		Release|Any CPU = Release|Any CPU
	EndGlobalSection
	GlobalSection(ProjectConfigurationPlatforms) = postSolution
		{5D69A641-CCDE-4C6F-AF8A-C21B014E7244}.Debug|Any CPU.ActiveCfg = Debug|Any CPU
		{5D69A641-CCDE-4C6F-AF8A-C21B014E7244}.Debug|Any CPU.Build.0 = Debug|Any CPU
		{5D69A641-CCDE-4C6F-AF8A-C21B014E7244}.Release|Any CPU.ActiveCfg = Release|Any CPU
		{5D69A641-CCDE-4C6F-AF8A-C21B014E7244}.Release|Any CPU.Build.0 = Release|Any CPU
	EndGlobalSection
	GlobalSection(SolutionProperties) = preSolution
		HideSolutionNode = FALSE
	EndGlobalSection
	GlobalSection(ExtensibilityGlobals) = postSolution
		SolutionGuid = {885672F3-F11A-457B-B8DE-63CF68847A8D}
	EndGlobalSection
EndGlobal
